
Microsoft Visual Studio Solution File, Format Version 12.00
# Visual Studio 15
VisualStudioVersion = 15.0.28307.1831
MinimumVisualStudioVersion = 10.0.40219.1
Project("{FAE04EC0-301F-11D3-BF4B-00C04F79EFBC}") = "CalculadoraWin", "CalculadoraWin\CalculadoraWin.csproj", "{A1C89C81-6DA3-4868-B723-A2D93FC7416B}"
EndProject
Global
	GlobalSection(SolutionConfigurationPlatforms) = preSolution
		Debug|Any CPU = Debug|Any CPU
		Release|Any CPU = Release|Any CPU
	EndGlobalSection
	GlobalSection(ProjectConfigurationPlatforms) = postSolution
		{A1C89C81-6DA3-4868-B723-A2D93FC7416B}.Debug|Any CPU.ActiveCfg = Debug|Any CPU
		{A1C89C81-6DA3-4868-B723-A2D93FC7416B}.Debug|Any CPU.Build.0 = Debug|Any CPU
		{A1C89C81-6DA3-4868-B723-A2D93FC7416B}.Release|Any CPU.ActiveCfg = Release|Any CPU
		{A1C89C81-6DA3-4868-B723-A2D93FC7416B}.Release|Any CPU.Build.0 = Release|Any CPU
	EndGlobalSection
	GlobalSection(SolutionProperties) = preSolution
		HideSolutionNode = FALSE
	EndGlobalSection
	GlobalSection(ExtensibilityGlobals) = postSolution
		SolutionGuid = {F671E378-D07D-4D08-B4F7-FD7A04B26FB1}
	EndGlobalSection
EndGlobal
