
Microsoft Visual Studio Solution File, Format Version 12.00
# Visual Studio 15
VisualStudioVersion = 15.0.28307.1831
MinimumVisualStudioVersion = 10.0.40219.1
Project("{FAE04EC0-301F-11D3-BF4B-00C04F79EFBC}") = "AlgoritmosRecursivos", "AlgoritmosRecursivos\AlgoritmosRecursivos\AlgoritmosRecursivos.csproj", "{57D2B679-2136-4D55-AE21-1ACC0D8243EC}"
EndProject
Project("{FAE04EC0-301F-11D3-BF4B-00C04F79EFBC}") = "AlgoritmosOrdenacion", "AlgoritmosOrdenacion\AlgoritmosOrdenacion.csproj", "{772BBE66-9231-4341-BABF-FEE9F9B768B4}"
EndProject
Global
	GlobalSection(SolutionConfigurationPlatforms) = preSolution
		Debug|Any CPU = Debug|Any CPU
		Release|Any CPU = Release|Any CPU
	EndGlobalSection
	GlobalSection(ProjectConfigurationPlatforms) = postSolution
		{57D2B679-2136-4D55-AE21-1ACC0D8243EC}.Debug|Any CPU.ActiveCfg = Debug|Any CPU
		{57D2B679-2136-4D55-AE21-1ACC0D8243EC}.Debug|Any CPU.Build.0 = Debug|Any CPU
		{57D2B679-2136-4D55-AE21-1ACC0D8243EC}.Release|Any CPU.ActiveCfg = Release|Any CPU
		{57D2B679-2136-4D55-AE21-1ACC0D8243EC}.Release|Any CPU.Build.0 = Release|Any CPU
		{772BBE66-9231-4341-BABF-FEE9F9B768B4}.Debug|Any CPU.ActiveCfg = Debug|Any CPU
		{772BBE66-9231-4341-BABF-FEE9F9B768B4}.Debug|Any CPU.Build.0 = Debug|Any CPU
		{772BBE66-9231-4341-BABF-FEE9F9B768B4}.Release|Any CPU.ActiveCfg = Release|Any CPU
		{772BBE66-9231-4341-BABF-FEE9F9B768B4}.Release|Any CPU.Build.0 = Release|Any CPU
	EndGlobalSection
	GlobalSection(SolutionProperties) = preSolution
		HideSolutionNode = FALSE
	EndGlobalSection
	GlobalSection(ExtensibilityGlobals) = postSolution
		SolutionGuid = {2A59AEB3-FDF2-4A4C-B1ED-4D6877650E65}
	EndGlobalSection
EndGlobal
