
Microsoft Visual Studio Solution File, Format Version 12.00
# Visual Studio 15
VisualStudioVersion = 15.0.28307.1831
MinimumVisualStudioVersion = 10.0.40219.1
Project("{FAE04EC0-301F-11D3-BF4B-00C04F79EFBC}") = "CalculatorLibrary", "CalculatorLibrary\CalculatorLibrary\CalculatorLibrary.csproj", "{127592C0-2910-4B7D-9675-E013D75B9979}"
EndProject
Project("{FAE04EC0-301F-11D3-BF4B-00C04F79EFBC}") = "CalculatorWin", "CalculatorWin\CalculatorWin\CalculatorWin.csproj", "{A1C89C81-6DA3-4868-B723-A2D93FC7416B}"
EndProject
Project("{FAE04EC0-301F-11D3-BF4B-00C04F79EFBC}") = "CalculatorWeb", "CalculatorWeb\CalculatorWeb\CalculatorWeb.csproj", "{C0EBC862-6886-4645-83F6-46E43A719E78}"
EndProject
Global
	GlobalSection(SolutionConfigurationPlatforms) = preSolution
		Debug|Any CPU = Debug|Any CPU
		Release|Any CPU = Release|Any CPU
	EndGlobalSection
	GlobalSection(ProjectConfigurationPlatforms) = postSolution
		{127592C0-2910-4B7D-9675-E013D75B9979}.Debug|Any CPU.ActiveCfg = Debug|Any CPU
		{127592C0-2910-4B7D-9675-E013D75B9979}.Debug|Any CPU.Build.0 = Debug|Any CPU
		{127592C0-2910-4B7D-9675-E013D75B9979}.Release|Any CPU.ActiveCfg = Release|Any CPU
		{127592C0-2910-4B7D-9675-E013D75B9979}.Release|Any CPU.Build.0 = Release|Any CPU
		{A1C89C81-6DA3-4868-B723-A2D93FC7416B}.Debug|Any CPU.ActiveCfg = Debug|Any CPU
		{A1C89C81-6DA3-4868-B723-A2D93FC7416B}.Debug|Any CPU.Build.0 = Debug|Any CPU
		{A1C89C81-6DA3-4868-B723-A2D93FC7416B}.Release|Any CPU.ActiveCfg = Release|Any CPU
		{A1C89C81-6DA3-4868-B723-A2D93FC7416B}.Release|Any CPU.Build.0 = Release|Any CPU
		{C0EBC862-6886-4645-83F6-46E43A719E78}.Debug|Any CPU.ActiveCfg = Debug|Any CPU
		{C0EBC862-6886-4645-83F6-46E43A719E78}.Debug|Any CPU.Build.0 = Debug|Any CPU
		{C0EBC862-6886-4645-83F6-46E43A719E78}.Release|Any CPU.ActiveCfg = Release|Any CPU
		{C0EBC862-6886-4645-83F6-46E43A719E78}.Release|Any CPU.Build.0 = Release|Any CPU
	EndGlobalSection
	GlobalSection(SolutionProperties) = preSolution
		HideSolutionNode = FALSE
	EndGlobalSection
	GlobalSection(ExtensibilityGlobals) = postSolution
		SolutionGuid = {34E9D780-A7BD-40D9-BA93-40CAF2EC171D}
	EndGlobalSection
EndGlobal
