
Microsoft Visual Studio Solution File, Format Version 12.00
# Visual Studio 15
VisualStudioVersion = 15.0.28307.1831
MinimumVisualStudioVersion = 10.0.40219.1
Project("{FAE04EC0-301F-11D3-BF4B-00C04F79EFBC}") = "CalculatorWeb", "CalculatorWeb\CalculatorWeb.csproj", "{C0EBC862-6886-4645-83F6-46E43A719E78}"
EndProject
Global
	GlobalSection(SolutionConfigurationPlatforms) = preSolution
		Debug|Any CPU = Debug|Any CPU
		Release|Any CPU = Release|Any CPU
	EndGlobalSection
	GlobalSection(ProjectConfigurationPlatforms) = postSolution
		{C0EBC862-6886-4645-83F6-46E43A719E78}.Debug|Any CPU.ActiveCfg = Debug|Any CPU
		{C0EBC862-6886-4645-83F6-46E43A719E78}.Debug|Any CPU.Build.0 = Debug|Any CPU
		{C0EBC862-6886-4645-83F6-46E43A719E78}.Release|Any CPU.ActiveCfg = Release|Any CPU
		{C0EBC862-6886-4645-83F6-46E43A719E78}.Release|Any CPU.Build.0 = Release|Any CPU
	EndGlobalSection
	GlobalSection(SolutionProperties) = preSolution
		HideSolutionNode = FALSE
	EndGlobalSection
	GlobalSection(ExtensibilityGlobals) = postSolution
		SolutionGuid = {940D07BB-EA28-4922-A429-D692F6043F47}
	EndGlobalSection
EndGlobal
